
Microsoft Visual Studio Solution File, Format Version 12.00
# Visual Studio 15
VisualStudioVersion = 15.0.26430.12
MinimumVisualStudioVersion = 10.0.40219.1
Project("{FAE04EC0-301F-11D3-BF4B-00C04F79EFBC}") = "TestApp", "TestApp\TestApp.csproj", "{EF5E7227-5D52-4153-9DE7-A014A65C34CF}"
EndProject
Project("{FAE04EC0-301F-11D3-BF4B-00C04F79EFBC}") = "MatrixField.Bindable", "MatrixField.Bindable\MatrixField.Bindable.csproj", "{A2DA4C37-97CD-46E9-95D3-CCE4F1966E77}"
EndProject
Global
	GlobalSection(SolutionConfigurationPlatforms) = preSolution
		Debug|Any CPU = Debug|Any CPU
		Release|Any CPU = Release|Any CPU
	EndGlobalSection
	GlobalSection(ProjectConfigurationPlatforms) = postSolution
		{EF5E7227-5D52-4153-9DE7-A014A65C34CF}.Debug|Any CPU.ActiveCfg = Debug|Any CPU
		{EF5E7227-5D52-4153-9DE7-A014A65C34CF}.Debug|Any CPU.Build.0 = Debug|Any CPU
		{EF5E7227-5D52-4153-9DE7-A014A65C34CF}.Release|Any CPU.ActiveCfg = Release|Any CPU
		{EF5E7227-5D52-4153-9DE7-A014A65C34CF}.Release|Any CPU.Build.0 = Release|Any CPU
		{A2DA4C37-97CD-46E9-95D3-CCE4F1966E77}.Debug|Any CPU.ActiveCfg = Debug|Any CPU
		{A2DA4C37-97CD-46E9-95D3-CCE4F1966E77}.Debug|Any CPU.Build.0 = Debug|Any CPU
		{A2DA4C37-97CD-46E9-95D3-CCE4F1966E77}.Release|Any CPU.ActiveCfg = Release|Any CPU
		{A2DA4C37-97CD-46E9-95D3-CCE4F1966E77}.Release|Any CPU.Build.0 = Release|Any CPU
	EndGlobalSection
	GlobalSection(SolutionProperties) = preSolution
		HideSolutionNode = FALSE
	EndGlobalSection
EndGlobal
